
Microsoft Visual Studio Solution File, Format Version 12.00
# Visual Studio 2012
Project("{2150E333-8FDC-42A3-9474-1A3956D46DE8}") = "Solution Items", "Solution Items", "{E07BDF6B-A12E-4CDE-840B-09F5534C9E1C}"
	ProjectSection(SolutionItems) = preProject
		Description.txt = Description.txt
	EndProjectSection
EndProject
Project("{FAE04EC0-301F-11D3-BF4B-00C04F79EFBC}") = "Budget", "Budget\Budget.csproj", "{DD02B743-B034-4E61-8694-5B7C4431F02C}"
EndProject
Project("{FAE04EC0-301F-11D3-BF4B-00C04F79EFBC}") = "Tests", "Tests\Tests.csproj", "{B21D31A5-AD51-4779-B697-4BF02AF6FC00}"
EndProject
Project("{FAE04EC0-301F-11D3-BF4B-00C04F79EFBC}") = "MyBudget", "MyBudget\MyBudget.csproj", "{711B4972-0BBA-4851-A312-CA77ADB5CB6A}"
EndProject
Project("{2150E333-8FDC-42A3-9474-1A3956D46DE8}") = ".nuget", ".nuget", "{215D067E-0C2D-47C6-8215-31A0F569FD29}"
	ProjectSection(SolutionItems) = preProject
		.nuget\packages.config = .nuget\packages.config
	EndProjectSection
EndProject
Global
	GlobalSection(SolutionConfigurationPlatforms) = preSolution
		Debug|Any CPU = Debug|Any CPU
		Release|Any CPU = Release|Any CPU
	EndGlobalSection
	GlobalSection(ProjectConfigurationPlatforms) = postSolution
		{DD02B743-B034-4E61-8694-5B7C4431F02C}.Debug|Any CPU.ActiveCfg = Debug|Any CPU
		{DD02B743-B034-4E61-8694-5B7C4431F02C}.Debug|Any CPU.Build.0 = Debug|Any CPU
		{DD02B743-B034-4E61-8694-5B7C4431F02C}.Release|Any CPU.ActiveCfg = Release|Any CPU
		{DD02B743-B034-4E61-8694-5B7C4431F02C}.Release|Any CPU.Build.0 = Release|Any CPU
		{B21D31A5-AD51-4779-B697-4BF02AF6FC00}.Debug|Any CPU.ActiveCfg = Debug|Any CPU
		{B21D31A5-AD51-4779-B697-4BF02AF6FC00}.Debug|Any CPU.Build.0 = Debug|Any CPU
		{B21D31A5-AD51-4779-B697-4BF02AF6FC00}.Release|Any CPU.ActiveCfg = Release|Any CPU
		{B21D31A5-AD51-4779-B697-4BF02AF6FC00}.Release|Any CPU.Build.0 = Release|Any CPU
		{711B4972-0BBA-4851-A312-CA77ADB5CB6A}.Debug|Any CPU.ActiveCfg = Debug|Any CPU
		{711B4972-0BBA-4851-A312-CA77ADB5CB6A}.Debug|Any CPU.Build.0 = Debug|Any CPU
		{711B4972-0BBA-4851-A312-CA77ADB5CB6A}.Release|Any CPU.ActiveCfg = Release|Any CPU
		{711B4972-0BBA-4851-A312-CA77ADB5CB6A}.Release|Any CPU.Build.0 = Release|Any CPU
	EndGlobalSection
	GlobalSection(SolutionProperties) = preSolution
		HideSolutionNode = FALSE
	EndGlobalSection
EndGlobal
